
Microsoft Visual Studio Solution File, Format Version 12.00
# Visual Studio Version 16
VisualStudioVersion = 16.0.30907.101
MinimumVisualStudioVersion = 10.0.40219.1
Project("{F184B08F-C81C-45F6-A57F-5ABD9991F28F}") = "TestPigJSonDemo", "TestPigJSonDemo\TestPigJSonDemo.vbproj", "{5E28BF9F-9A39-4A8E-911C-C1B9D8F0E3BE}"
EndProject
Project("{778DAE3C-4631-46EA-AA77-85C1314464D9}") = "PigJSonLib", "..\PigJSonLib\PigJSonLib\PigJSonLib.vbproj", "{F8F61102-6885-4566-8015-BC7B2B9F222E}"
EndProject
Global
	GlobalSection(SolutionConfigurationPlatforms) = preSolution
		Debug|Any CPU = Debug|Any CPU
		Release|Any CPU = Release|Any CPU
	EndGlobalSection
	GlobalSection(ProjectConfigurationPlatforms) = postSolution
		{5E28BF9F-9A39-4A8E-911C-C1B9D8F0E3BE}.Debug|Any CPU.ActiveCfg = Debug|Any CPU
		{5E28BF9F-9A39-4A8E-911C-C1B9D8F0E3BE}.Debug|Any CPU.Build.0 = Debug|Any CPU
		{5E28BF9F-9A39-4A8E-911C-C1B9D8F0E3BE}.Release|Any CPU.ActiveCfg = Release|Any CPU
		{5E28BF9F-9A39-4A8E-911C-C1B9D8F0E3BE}.Release|Any CPU.Build.0 = Release|Any CPU
		{F8F61102-6885-4566-8015-BC7B2B9F222E}.Debug|Any CPU.ActiveCfg = Debug|Any CPU
		{F8F61102-6885-4566-8015-BC7B2B9F222E}.Debug|Any CPU.Build.0 = Debug|Any CPU
		{F8F61102-6885-4566-8015-BC7B2B9F222E}.Release|Any CPU.ActiveCfg = Release|Any CPU
		{F8F61102-6885-4566-8015-BC7B2B9F222E}.Release|Any CPU.Build.0 = Release|Any CPU
	EndGlobalSection
	GlobalSection(SolutionProperties) = preSolution
		HideSolutionNode = FALSE
	EndGlobalSection
	GlobalSection(ExtensibilityGlobals) = postSolution
		SolutionGuid = {48DDD19F-83E1-4F6A-919A-5E2590199BBE}
	EndGlobalSection
EndGlobal
